
Microsoft Visual Studio Solution File, Format Version 12.00
# Visual Studio Version 17
VisualStudioVersion = 17.10.35027.167
MinimumVisualStudioVersion = 10.0.40219.1
Project("{9A19103F-16F7-4668-BE54-9A1E7A4F7556}") = "WeightMicroservice", "WeightMicroservice\WeightMicroservice.csproj", "{C52F9FEE-CBCA-4D6F-8191-D6FCD6262E85}"
EndProject
Project("{9A19103F-16F7-4668-BE54-9A1E7A4F7556}") = "UserMicroservice", "UserMicroservice\UserMicroservice.csproj", "{969CF616-63BC-4A20-89E7-B207D4BF449F}"
EndProject
Project("{2150E333-8FDC-42A3-9474-1A3956D46DE8}") = "Infrastructure", "Infrastructure", "{5B9519A1-7C5F-476E-96F4-6DF8833C11EB}"
	ProjectSection(SolutionItems) = preProject
		Infrastructure\docker-compose.yml = Infrastructure\docker-compose.yml
		Infrastructure\local.env = Infrastructure\local.env
	EndProjectSection
EndProject
Global
	GlobalSection(SolutionConfigurationPlatforms) = preSolution
		Debug|Any CPU = Debug|Any CPU
		Release|Any CPU = Release|Any CPU
	EndGlobalSection
	GlobalSection(ProjectConfigurationPlatforms) = postSolution
		{C52F9FEE-CBCA-4D6F-8191-D6FCD6262E85}.Debug|Any CPU.ActiveCfg = Debug|Any CPU
		{C52F9FEE-CBCA-4D6F-8191-D6FCD6262E85}.Debug|Any CPU.Build.0 = Debug|Any CPU
		{C52F9FEE-CBCA-4D6F-8191-D6FCD6262E85}.Release|Any CPU.ActiveCfg = Release|Any CPU
		{C52F9FEE-CBCA-4D6F-8191-D6FCD6262E85}.Release|Any CPU.Build.0 = Release|Any CPU
		{969CF616-63BC-4A20-89E7-B207D4BF449F}.Debug|Any CPU.ActiveCfg = Debug|Any CPU
		{969CF616-63BC-4A20-89E7-B207D4BF449F}.Debug|Any CPU.Build.0 = Debug|Any CPU
		{969CF616-63BC-4A20-89E7-B207D4BF449F}.Release|Any CPU.ActiveCfg = Release|Any CPU
		{969CF616-63BC-4A20-89E7-B207D4BF449F}.Release|Any CPU.Build.0 = Release|Any CPU
	EndGlobalSection
	GlobalSection(SolutionProperties) = preSolution
		HideSolutionNode = FALSE
	EndGlobalSection
	GlobalSection(ExtensibilityGlobals) = postSolution
		SolutionGuid = {F790EFC2-902A-4444-B48A-8B594F24B22B}
	EndGlobalSection
EndGlobal
